
Microsoft Visual Studio Solution File, Format Version 12.00
# Visual Studio Version 16
VisualStudioVersion = 16.0.32126.315
MinimumVisualStudioVersion = 10.0.40219.1
Project("{FAE04EC0-301F-11D3-BF4B-00C04F79EFBC}") = "Examen2EstebanMendez", "Examen2EstebanMendez\Examen2EstebanMendez.csproj", "{9500B366-CCC6-4EE4-9929-F66836A01F72}"
EndProject
Global
	GlobalSection(SolutionConfigurationPlatforms) = preSolution
		Debug|Any CPU = Debug|Any CPU
		Release|Any CPU = Release|Any CPU
	EndGlobalSection
	GlobalSection(ProjectConfigurationPlatforms) = postSolution
		{9500B366-CCC6-4EE4-9929-F66836A01F72}.Debug|Any CPU.ActiveCfg = Debug|Any CPU
		{9500B366-CCC6-4EE4-9929-F66836A01F72}.Debug|Any CPU.Build.0 = Debug|Any CPU
		{9500B366-CCC6-4EE4-9929-F66836A01F72}.Release|Any CPU.ActiveCfg = Release|Any CPU
		{9500B366-CCC6-4EE4-9929-F66836A01F72}.Release|Any CPU.Build.0 = Release|Any CPU
	EndGlobalSection
	GlobalSection(SolutionProperties) = preSolution
		HideSolutionNode = FALSE
	EndGlobalSection
	GlobalSection(ExtensibilityGlobals) = postSolution
		SolutionGuid = {F7E2BC94-E7DE-459D-8EEF-47DC39A01DBF}
	EndGlobalSection
EndGlobal
